
Microsoft Visual Studio Solution File, Format Version 12.00
# Visual Studio Version 17
VisualStudioVersion = 17.4.33103.184
MinimumVisualStudioVersion = 10.0.40219.1
Project("{9A19103F-16F7-4668-BE54-9A1E7A4F7556}") = "ShopOnline.Api", "src\ShopOnline.Api\ShopOnline.Api.csproj", "{56B2274B-9D80-42E3-BB9F-3F903C759EF9}"
EndProject
Project("{9A19103F-16F7-4668-BE54-9A1E7A4F7556}") = "ShopOnline.Models", "src\ShopOnline.Models\ShopOnline.Models.csproj", "{C4CF8AE6-4EEE-4CDF-AE46-E238099BA5C2}"
EndProject
Project("{9A19103F-16F7-4668-BE54-9A1E7A4F7556}") = "ShopOnline.Web", "src\ShopOnline.Web\ShopOnline.Web.csproj", "{A5FD62F8-CEC1-42E1-BE5C-1EF5527DA2EC}"
EndProject
Project("{9A19103F-16F7-4668-BE54-9A1E7A4F7556}") = "ShopOnlineMudBlazor.Web", "src\ShopOnlineMudBlazor.Web\ShopOnlineMudBlazor.Web.csproj", "{8F4207EE-0442-42F1-A383-F47139C84656}"
EndProject
Global
	GlobalSection(SolutionConfigurationPlatforms) = preSolution
		Debug|Any CPU = Debug|Any CPU
		Release|Any CPU = Release|Any CPU
	EndGlobalSection
	GlobalSection(ProjectConfigurationPlatforms) = postSolution
		{56B2274B-9D80-42E3-BB9F-3F903C759EF9}.Debug|Any CPU.ActiveCfg = Debug|Any CPU
		{56B2274B-9D80-42E3-BB9F-3F903C759EF9}.Debug|Any CPU.Build.0 = Debug|Any CPU
		{56B2274B-9D80-42E3-BB9F-3F903C759EF9}.Release|Any CPU.ActiveCfg = Release|Any CPU
		{56B2274B-9D80-42E3-BB9F-3F903C759EF9}.Release|Any CPU.Build.0 = Release|Any CPU
		{C4CF8AE6-4EEE-4CDF-AE46-E238099BA5C2}.Debug|Any CPU.ActiveCfg = Debug|Any CPU
		{C4CF8AE6-4EEE-4CDF-AE46-E238099BA5C2}.Debug|Any CPU.Build.0 = Debug|Any CPU
		{C4CF8AE6-4EEE-4CDF-AE46-E238099BA5C2}.Release|Any CPU.ActiveCfg = Release|Any CPU
		{C4CF8AE6-4EEE-4CDF-AE46-E238099BA5C2}.Release|Any CPU.Build.0 = Release|Any CPU
		{A5FD62F8-CEC1-42E1-BE5C-1EF5527DA2EC}.Debug|Any CPU.ActiveCfg = Debug|Any CPU
		{A5FD62F8-CEC1-42E1-BE5C-1EF5527DA2EC}.Debug|Any CPU.Build.0 = Debug|Any CPU
		{A5FD62F8-CEC1-42E1-BE5C-1EF5527DA2EC}.Release|Any CPU.ActiveCfg = Release|Any CPU
		{A5FD62F8-CEC1-42E1-BE5C-1EF5527DA2EC}.Release|Any CPU.Build.0 = Release|Any CPU
		{8F4207EE-0442-42F1-A383-F47139C84656}.Debug|Any CPU.ActiveCfg = Debug|Any CPU
		{8F4207EE-0442-42F1-A383-F47139C84656}.Debug|Any CPU.Build.0 = Debug|Any CPU
		{8F4207EE-0442-42F1-A383-F47139C84656}.Release|Any CPU.ActiveCfg = Release|Any CPU
		{8F4207EE-0442-42F1-A383-F47139C84656}.Release|Any CPU.Build.0 = Release|Any CPU
	EndGlobalSection
	GlobalSection(SolutionProperties) = preSolution
		HideSolutionNode = FALSE
	EndGlobalSection
	GlobalSection(ExtensibilityGlobals) = postSolution
		SolutionGuid = {7C78AA05-7BA4-43F2-B43B-7F9AE5310086}
	EndGlobalSection
EndGlobal
